
Microsoft Visual Studio Solution File, Format Version 12.00
# Visual Studio 15
VisualStudioVersion = 15.0.28010.2036
MinimumVisualStudioVersion = 10.0.40219.1
Project("{FAE04EC0-301F-11D3-BF4B-00C04F79EFBC}") = "2-2程序集名称空间等关系", "2-2程序集名称空间等关系\2-2程序集名称空间等关系.csproj", "{05935F92-EC42-4964-AEF1-B29542833CE7}"
EndProject
Project("{FAE04EC0-301F-11D3-BF4B-00C04F79EFBC}") = "2-0Console", "2-0Console\2-0Console.csproj", "{0D0E806C-D410-43D2-BC18-3C0274B8F092}"
EndProject
Project("{FAE04EC0-301F-11D3-BF4B-00C04F79EFBC}") = "2-1程序集名称空间等关系", "2-1程序集名称空间等关系\2-1程序集名称空间等关系.csproj", "{48BFB8BA-9A65-4A16-B6A4-1423B7931638}"
EndProject
Project("{FAE04EC0-301F-11D3-BF4B-00C04F79EFBC}") = "3类与实例", "3类与实例\3类与实例.csproj", "{335B2125-DB91-4E73-B652-BC50AE3D31C7}"
EndProject
Project("{FAE04EC0-301F-11D3-BF4B-00C04F79EFBC}") = "4构造方法", "4构造方法\4构造方法.csproj", "{4EF54C52-F3B7-4098-978C-D175D6626116}"
EndProject
Project("{FAE04EC0-301F-11D3-BF4B-00C04F79EFBC}") = "5方法重载", "5方法重载\5方法重载.csproj", "{F93A1026-5C54-4399-8A22-7E9F1FC8F60A}"
EndProject
Project("{FAE04EC0-301F-11D3-BF4B-00C04F79EFBC}") = "6属性与修饰符", "6属性与修饰符\6属性与修饰符.csproj", "{0512A770-3AA6-4C0C-AC87-C0A1F071F2C7}"
EndProject
Project("{FAE04EC0-301F-11D3-BF4B-00C04F79EFBC}") = "7封装", "7封装\7封装.csproj", "{E7C70E19-1C52-4883-BD03-F020E03BE7C3}"
EndProject
Global
	GlobalSection(SolutionConfigurationPlatforms) = preSolution
		Debug|Any CPU = Debug|Any CPU
		Release|Any CPU = Release|Any CPU
	EndGlobalSection
	GlobalSection(ProjectConfigurationPlatforms) = postSolution
		{05935F92-EC42-4964-AEF1-B29542833CE7}.Debug|Any CPU.ActiveCfg = Debug|Any CPU
		{05935F92-EC42-4964-AEF1-B29542833CE7}.Debug|Any CPU.Build.0 = Debug|Any CPU
		{05935F92-EC42-4964-AEF1-B29542833CE7}.Release|Any CPU.ActiveCfg = Release|Any CPU
		{05935F92-EC42-4964-AEF1-B29542833CE7}.Release|Any CPU.Build.0 = Release|Any CPU
		{0D0E806C-D410-43D2-BC18-3C0274B8F092}.Debug|Any CPU.ActiveCfg = Debug|Any CPU
		{0D0E806C-D410-43D2-BC18-3C0274B8F092}.Debug|Any CPU.Build.0 = Debug|Any CPU
		{0D0E806C-D410-43D2-BC18-3C0274B8F092}.Release|Any CPU.ActiveCfg = Release|Any CPU
		{0D0E806C-D410-43D2-BC18-3C0274B8F092}.Release|Any CPU.Build.0 = Release|Any CPU
		{48BFB8BA-9A65-4A16-B6A4-1423B7931638}.Debug|Any CPU.ActiveCfg = Debug|Any CPU
		{48BFB8BA-9A65-4A16-B6A4-1423B7931638}.Debug|Any CPU.Build.0 = Debug|Any CPU
		{48BFB8BA-9A65-4A16-B6A4-1423B7931638}.Release|Any CPU.ActiveCfg = Release|Any CPU
		{48BFB8BA-9A65-4A16-B6A4-1423B7931638}.Release|Any CPU.Build.0 = Release|Any CPU
		{335B2125-DB91-4E73-B652-BC50AE3D31C7}.Debug|Any CPU.ActiveCfg = Debug|Any CPU
		{335B2125-DB91-4E73-B652-BC50AE3D31C7}.Debug|Any CPU.Build.0 = Debug|Any CPU
		{335B2125-DB91-4E73-B652-BC50AE3D31C7}.Release|Any CPU.ActiveCfg = Release|Any CPU
		{335B2125-DB91-4E73-B652-BC50AE3D31C7}.Release|Any CPU.Build.0 = Release|Any CPU
		{4EF54C52-F3B7-4098-978C-D175D6626116}.Debug|Any CPU.ActiveCfg = Debug|Any CPU
		{4EF54C52-F3B7-4098-978C-D175D6626116}.Debug|Any CPU.Build.0 = Debug|Any CPU
		{4EF54C52-F3B7-4098-978C-D175D6626116}.Release|Any CPU.ActiveCfg = Release|Any CPU
		{4EF54C52-F3B7-4098-978C-D175D6626116}.Release|Any CPU.Build.0 = Release|Any CPU
		{F93A1026-5C54-4399-8A22-7E9F1FC8F60A}.Debug|Any CPU.ActiveCfg = Debug|Any CPU
		{F93A1026-5C54-4399-8A22-7E9F1FC8F60A}.Debug|Any CPU.Build.0 = Debug|Any CPU
		{F93A1026-5C54-4399-8A22-7E9F1FC8F60A}.Release|Any CPU.ActiveCfg = Release|Any CPU
		{F93A1026-5C54-4399-8A22-7E9F1FC8F60A}.Release|Any CPU.Build.0 = Release|Any CPU
		{0512A770-3AA6-4C0C-AC87-C0A1F071F2C7}.Debug|Any CPU.ActiveCfg = Debug|Any CPU
		{0512A770-3AA6-4C0C-AC87-C0A1F071F2C7}.Debug|Any CPU.Build.0 = Debug|Any CPU
		{0512A770-3AA6-4C0C-AC87-C0A1F071F2C7}.Release|Any CPU.ActiveCfg = Release|Any CPU
		{0512A770-3AA6-4C0C-AC87-C0A1F071F2C7}.Release|Any CPU.Build.0 = Release|Any CPU
		{E7C70E19-1C52-4883-BD03-F020E03BE7C3}.Debug|Any CPU.ActiveCfg = Debug|Any CPU
		{E7C70E19-1C52-4883-BD03-F020E03BE7C3}.Debug|Any CPU.Build.0 = Debug|Any CPU
		{E7C70E19-1C52-4883-BD03-F020E03BE7C3}.Release|Any CPU.ActiveCfg = Release|Any CPU
		{E7C70E19-1C52-4883-BD03-F020E03BE7C3}.Release|Any CPU.Build.0 = Release|Any CPU
	EndGlobalSection
	GlobalSection(SolutionProperties) = preSolution
		HideSolutionNode = FALSE
	EndGlobalSection
	GlobalSection(ExtensibilityGlobals) = postSolution
		SolutionGuid = {A0F2F9CA-E566-45F6-A193-310B03265BE8}
	EndGlobalSection
EndGlobal
