
Microsoft Visual Studio Solution File, Format Version 12.00
# Visual Studio 15
VisualStudioVersion = 15.0.28010.2036
MinimumVisualStudioVersion = 10.0.40219.1
Project("{FAE04EC0-301F-11D3-BF4B-00C04F79EFBC}") = "2-1程序集名称空间等关系", "Code\2-1程序集名称空间等关系.csproj", "{48BFB8BA-9A65-4A16-B6A4-1423B7931638}"
EndProject
Project("{FAE04EC0-301F-11D3-BF4B-00C04F79EFBC}") = "2-2程序集名称空间等关系", "2-2程序集名称空间等关系\2-2程序集名称空间等关系.csproj", "{05935F92-EC42-4964-AEF1-B29542833CE7}"
EndProject
Global
	GlobalSection(SolutionConfigurationPlatforms) = preSolution
		Debug|Any CPU = Debug|Any CPU
		Release|Any CPU = Release|Any CPU
	EndGlobalSection
	GlobalSection(ProjectConfigurationPlatforms) = postSolution
		{48BFB8BA-9A65-4A16-B6A4-1423B7931638}.Debug|Any CPU.ActiveCfg = Debug|Any CPU
		{48BFB8BA-9A65-4A16-B6A4-1423B7931638}.Debug|Any CPU.Build.0 = Debug|Any CPU
		{48BFB8BA-9A65-4A16-B6A4-1423B7931638}.Release|Any CPU.ActiveCfg = Release|Any CPU
		{48BFB8BA-9A65-4A16-B6A4-1423B7931638}.Release|Any CPU.Build.0 = Release|Any CPU
		{05935F92-EC42-4964-AEF1-B29542833CE7}.Debug|Any CPU.ActiveCfg = Debug|Any CPU
		{05935F92-EC42-4964-AEF1-B29542833CE7}.Debug|Any CPU.Build.0 = Debug|Any CPU
		{05935F92-EC42-4964-AEF1-B29542833CE7}.Release|Any CPU.ActiveCfg = Release|Any CPU
		{05935F92-EC42-4964-AEF1-B29542833CE7}.Release|Any CPU.Build.0 = Release|Any CPU
	EndGlobalSection
	GlobalSection(SolutionProperties) = preSolution
		HideSolutionNode = FALSE
	EndGlobalSection
	GlobalSection(ExtensibilityGlobals) = postSolution
		SolutionGuid = {A0F2F9CA-E566-45F6-A193-310B03265BE8}
	EndGlobalSection
EndGlobal
